// !$*UTF8*$!
{
	archiveVersion = 1;
	classes = {
	};
	objectVersion = 48;
	objects = {

/* Begin PBXBuildFile section */
		BF272710202B9DEF002A7832 /* DataModel.xcdatamodeld in Sources */ = {isa = PBXBuildFile; fileRef = BF27270E202B9DEF002A7832 /* DataModel.xcdatamodeld */; };
		BFFC489120291CB90052ECF7 /* AppDelegate.swift in Sources */ = {isa = PBXBuildFile; fileRef = BFFC489020291CB90052ECF7 /* AppDelegate.swift */; };
		BFFC489320291CB90052ECF7 /* ToDoListViewController.swift in Sources */ = {isa = PBXBuildFile; fileRef = BFFC489220291CB90052ECF7 /* ToDoListViewController.swift */; };
		BFFC489620291CB90052ECF7 /* Main.storyboard in Resources */ = {isa = PBXBuildFile; fileRef = BFFC489420291CB90052ECF7 /* Main.storyboard */; };
		BFFC489820291CB90052ECF7 /* Assets.xcassets in Resources */ = {isa = PBXBuildFile; fileRef = BFFC489720291CB90052ECF7 /* Assets.xcassets */; };
		BFFC489B20291CB90052ECF7 /* LaunchScreen.storyboard in Resources */ = {isa = PBXBuildFile; fileRef = BFFC489920291CB90052ECF7 /* LaunchScreen.storyboard */; };
		BFFC48A620291F950052ECF7 /* Item.swift in Sources */ = {isa = PBXBuildFile; fileRef = BFFC48A520291F950052ECF7 /* Item.swift */; };
/* End PBXBuildFile section */

/* Begin PBXFileReference section */
		BF27270F202B9DEF002A7832 /* DataModel.xcdatamodel */ = {isa = PBXFileReference; lastKnownFileType = wrapper.xcdatamodel; path = DataModel.xcdatamodel; sourceTree = "<group>"; };
		BFFC488D20291CB90052ECF7 /* Notes.app */ = {isa = PBXFileReference; explicitFileType = wrapper.application; includeInIndex = 0; path = Notes.app; sourceTree = BUILT_PRODUCTS_DIR; };
		BFFC489020291CB90052ECF7 /* AppDelegate.swift */ = {isa = PBXFileReference; lastKnownFileType = sourcecode.swift; path = AppDelegate.swift; sourceTree = "<group>"; };
		BFFC489220291CB90052ECF7 /* ToDoListViewController.swift */ = {isa = PBXFileReference; lastKnownFileType = sourcecode.swift; path = ToDoListViewController.swift; sourceTree = "<group>"; };
		BFFC489520291CB90052ECF7 /* Base */ = {isa = PBXFileReference; lastKnownFileType = file.storyboard; name = Base; path = Base.lproj/Main.storyboard; sourceTree = "<group>"; };
		BFFC489720291CB90052ECF7 /* Assets.xcassets */ = {isa = PBXFileReference; lastKnownFileType = folder.assetcatalog; path = Assets.xcassets; sourceTree = "<group>"; };
		BFFC489A20291CB90052ECF7 /* Base */ = {isa = PBXFileReference; lastKnownFileType = file.storyboard; name = Base; path = Base.lproj/LaunchScreen.storyboard; sourceTree = "<group>"; };
		BFFC489C20291CB90052ECF7 /* Info.plist */ = {isa = PBXFileReference; lastKnownFileType = text.plist.xml; path = Info.plist; sourceTree = "<group>"; };
		BFFC48A520291F950052ECF7 /* Item.swift */ = {isa = PBXFileReference; lastKnownFileType = sourcecode.swift; path = Item.swift; sourceTree = "<group>"; };
/* End PBXFileReference section */

/* Begin PBXFrameworksBuildPhase section */
		BFFC488A20291CB90052ECF7 /* Frameworks */ = {
			isa = PBXFrameworksBuildPhase;
			buildActionMask = 2147483647;
			files = (
			);
			runOnlyForDeploymentPostprocessing = 0;
		};
/* End PBXFrameworksBuildPhase section */

/* Begin PBXGroup section */
		BFFC488420291CB90052ECF7 = {
			isa = PBXGroup;
			children = (
				BFFC488F20291CB90052ECF7 /* Notes */,
				BFFC488E20291CB90052ECF7 /* Products */,
			);
			sourceTree = "<group>";
		};
		BFFC488E20291CB90052ECF7 /* Products */ = {
			isa = PBXGroup;
			children = (
				BFFC488D20291CB90052ECF7 /* Notes.app */,
			);
			name = Products;
			sourceTree = "<group>";
		};
		BFFC488F20291CB90052ECF7 /* Notes */ = {
			isa = PBXGroup;
			children = (
				BFFC489020291CB90052ECF7 /* AppDelegate.swift */,
				BFFC48A720291F9D0052ECF7 /* Data Model */,
				BFFC48A220291DFB0052ECF7 /* View Controllers */,
				BFFC48A420291E200052ECF7 /* Views */,
				BFFC48A320291E0D0052ECF7 /* Supporting Docs */,
				BFFC489C20291CB90052ECF7 /* Info.plist */,
			);
			path = Notes;
			sourceTree = "<group>";
		};
		BFFC48A220291DFB0052ECF7 /* View Controllers */ = {
			isa = PBXGroup;
			children = (
				BFFC489220291CB90052ECF7 /* ToDoListViewController.swift */,
			);
			path = "View Controllers";
			sourceTree = "<group>";
		};
		BFFC48A320291E0D0052ECF7 /* Supporting Docs */ = {
			isa = PBXGroup;
			children = (
				BFFC489720291CB90052ECF7 /* Assets.xcassets */,
				BFFC489920291CB90052ECF7 /* LaunchScreen.storyboard */,
			);
			path = "Supporting Docs";
			sourceTree = "<group>";
		};
		BFFC48A420291E200052ECF7 /* Views */ = {
			isa = PBXGroup;
			children = (
				BFFC489420291CB90052ECF7 /* Main.storyboard */,
			);
			path = Views;
			sourceTree = "<group>";
		};
		BFFC48A720291F9D0052ECF7 /* Data Model */ = {
			isa = PBXGroup;
			children = (
				BFFC48A520291F950052ECF7 /* Item.swift */,
				BF27270E202B9DEF002A7832 /* DataModel.xcdatamodeld */,
			);
			path = "Data Model";
			sourceTree = "<group>";
		};
/* End PBXGroup section */

/* Begin PBXNativeTarget section */
		BFFC488C20291CB90052ECF7 /* Notes */ = {
			isa = PBXNativeTarget;
			buildConfigurationList = BFFC489F20291CB90052ECF7 /* Build configuration list for PBXNativeTarget "Notes" */;
			buildPhases = (
				BFFC488920291CB90052ECF7 /* Sources */,
				BFFC488A20291CB90052ECF7 /* Frameworks */,
				BFFC488B20291CB90052ECF7 /* Resources */,
			);
			buildRules = (
			);
			dependencies = (
			);
			name = Notes;
			productName = Notes;
			productReference = BFFC488D20291CB90052ECF7 /* Notes.app */;
			productType = "com.apple.product-type.application";
		};
/* End PBXNativeTarget section */

/* Begin PBXProject section */
		BFFC488520291CB90052ECF7 /* Project object */ = {
			isa = PBXProject;
			attributes = {
				LastSwiftUpdateCheck = 0920;
				LastUpgradeCheck = 0920;
				ORGANIZATIONNAME = "Matthew Doyle";
				TargetAttributes = {
					BFFC488C20291CB90052ECF7 = {
						CreatedOnToolsVersion = 9.2;
						ProvisioningStyle = Automatic;
					};
				};
			};
			buildConfigurationList = BFFC488820291CB90052ECF7 /* Build configuration list for PBXProject "Notes" */;
			compatibilityVersion = "Xcode 8.0";
			developmentRegion = en;
			hasScannedForEncodings = 0;
			knownRegions = (
				en,
				Base,
			);
			mainGroup = BFFC488420291CB90052ECF7;
			productRefGroup = BFFC488E20291CB90052ECF7 /* Products */;
			projectDirPath = "";
			projectRoot = "";
			targets = (
				BFFC488C20291CB90052ECF7 /* Notes */,
			);
		};
/* End PBXProject section */

/* Begin PBXResourcesBuildPhase section */
		BFFC488B20291CB90052ECF7 /* Resources */ = {
			isa = PBXResourcesBuildPhase;
			buildActionMask = 2147483647;
			files = (
				BFFC489B20291CB90052ECF7 /* LaunchScreen.storyboard in Resources */,
				BFFC489820291CB90052ECF7 /* Assets.xcassets in Resources */,
				BFFC489620291CB90052ECF7 /* Main.storyboard in Resources */,
			);
			runOnlyForDeploymentPostprocessing = 0;
		};
/* End PBXResourcesBuildPhase section */

/* Begin PBXSourcesBuildPhase section */
		BFFC488920291CB90052ECF7 /* Sources */ = {
			isa = PBXSourcesBuildPhase;
			buildActionMask = 2147483647;
			files = (
				BFFC489320291CB90052ECF7 /* ToDoListViewController.swift in Sources */,
				BF272710202B9DEF002A7832 /* DataModel.xcdatamodeld in Sources */,
				BFFC48A620291F950052ECF7 /* Item.swift in Sources */,
				BFFC489120291CB90052ECF7 /* AppDelegate.swift in Sources */,
			);
			runOnlyForDeploymentPostprocessing = 0;
		};
/* End PBXSourcesBuildPhase section */

/* Begin PBXVariantGroup section */
		BFFC489420291CB90052ECF7 /* Main.storyboard */ = {
			isa = PBXVariantGroup;
			children = (
				BFFC489520291CB90052ECF7 /* Base */,
			);
			name = Main.storyboard;
			sourceTree = "<group>";
		};
		BFFC489920291CB90052ECF7 /* LaunchScreen.storyboard */ = {
			isa = PBXVariantGroup;
			children = (
				BFFC489A20291CB90052ECF7 /* Base */,
			);
			name = LaunchScreen.storyboard;
			sourceTree = "<group>";
		};
/* End PBXVariantGroup section */

/* Begin XCBuildConfiguration section */
		BFFC489D20291CB90052ECF7 /* Debug */ = {
			isa = XCBuildConfiguration;
			buildSettings = {
				ALWAYS_SEARCH_USER_PATHS = NO;
				CLANG_ANALYZER_NONNULL = YES;
				CLANG_ANALYZER_NUMBER_OBJECT_CONVERSION = YES_AGGRESSIVE;
				CLANG_CXX_LANGUAGE_STANDARD = "gnu++14";
				CLANG_CXX_LIBRARY = "libc++";
				CLANG_ENABLE_MODULES = YES;
				CLANG_ENABLE_OBJC_ARC = YES;
				CLANG_WARN_BLOCK_CAPTURE_AUTORELEASING = YES;
				CLANG_WARN_BOOL_CONVERSION = YES;
				CLANG_WARN_COMMA = YES;
				CLANG_WARN_CONSTANT_CONVERSION = YES;
				CLANG_WARN_DIRECT_OBJC_ISA_USAGE = YES_ERROR;
				CLANG_WARN_DOCUMENTATION_COMMENTS = YES;
				CLANG_WARN_EMPTY_BODY = YES;
				CLANG_WARN_ENUM_CONVERSION = YES;
				CLANG_WARN_INFINITE_RECURSION = YES;
				CLANG_WARN_INT_CONVERSION = YES;
				CLANG_WARN_NON_LITERAL_NULL_CONVERSION = YES;
				CLANG_WARN_OBJC_LITERAL_CONVERSION = YES;
				CLANG_WARN_OBJC_ROOT_CLASS = YES_ERROR;
				CLANG_WARN_RANGE_LOOP_ANALYSIS = YES;
				CLANG_WARN_STRICT_PROTOTYPES = YES;
				CLANG_WARN_SUSPICIOUS_MOVE = YES;
				CLANG_WARN_UNGUARDED_AVAILABILITY = YES_AGGRESSIVE;
				CLANG_WARN_UNREACHABLE_CODE = YES;
				CLANG_WARN__DUPLICATE_METHOD_MATCH = YES;
				CODE_SIGN_IDENTITY = "iPhone Developer";
				COPY_PHASE_STRIP = NO;
				DEBUG_INFORMATION_FORMAT = dwarf;
				ENABLE_STRICT_OBJC_MSGSEND = YES;
				ENABLE_TESTABILITY = YES;
				GCC_C_LANGUAGE_STANDARD = gnu11;
				GCC_DYNAMIC_NO_PIC = NO;
				GCC_NO_COMMON_BLOCKS = YES;
				GCC_OPTIMIZATION_LEVEL = 0;
				GCC_PREPROCESSOR_DEFINITIONS = (
					"DEBUG=1",
					"$(inherited)",
				);
				GCC_WARN_64_TO_32_BIT_CONVERSION = YES;
				GCC_WARN_ABOUT_RETURN_TYPE = YES_ERROR;
				GCC_WARN_UNDECLARED_SELECTOR = YES;
				GCC_WARN_UNINITIALIZED_AUTOS = YES_AGGRESSIVE;
				GCC_WARN_UNUSED_FUNCTION = YES;
				GCC_WARN_UNUSED_VARIABLE = YES;
				IPHONEOS_DEPLOYMENT_TARGET = 11.2;
				MTL_ENABLE_DEBUG_INFO = YES;
				ONLY_ACTIVE_ARCH = YES;
				SDKROOT = iphoneos;
				SWIFT_ACTIVE_COMPILATION_CONDITIONS = DEBUG;
				SWIFT_OPTIMIZATION_LEVEL = "-Onone";
			};
			name = Debug;
		};
		BFFC489E20291CB90052ECF7 /* Release */ = {
			isa = XCBuildConfiguration;
			buildSettings = {
				ALWAYS_SEARCH_USER_PATHS = NO;
				CLANG_ANALYZER_NONNULL = YES;
				CLANG_ANALYZER_NUMBER_OBJECT_CONVERSION = YES_AGGRESSIVE;
				CLANG_CXX_LANGUAGE_STANDARD = "gnu++14";
				CLANG_CXX_LIBRARY = "libc++";
				CLANG_ENABLE_MODULES = YES;
				CLANG_ENABLE_OBJC_ARC = YES;
				CLANG_WARN_BLOCK_CAPTURE_AUTORELEASING = YES;
				CLANG_WARN_BOOL_CONVERSION = YES;
				CLANG_WARN_COMMA = YES;
				CLANG_WARN_CONSTANT_CONVERSION = YES;
				CLANG_WARN_DIRECT_OBJC_ISA_USAGE = YES_ERROR;
				CLANG_WARN_DOCUMENTATION_COMMENTS = YES;
				CLANG_WARN_EMPTY_BODY = YES;
				CLANG_WARN_ENUM_CONVERSION = YES;
				CLANG_WARN_INFINITE_RECURSION = YES;
				CLANG_WARN_INT_CONVERSION = YES;
				CLANG_WARN_NON_LITERAL_NULL_CONVERSION = YES;
				CLANG_WARN_OBJC_LITERAL_CONVERSION = YES;
				CLANG_WARN_OBJC_ROOT_CLASS = YES_ERROR;
				CLANG_WARN_RANGE_LOOP_ANALYSIS = YES;
				CLANG_WARN_STRICT_PROTOTYPES = YES;
				CLANG_WARN_SUSPICIOUS_MOVE = YES;
				CLANG_WARN_UNGUARDED_AVAILABILITY = YES_AGGRESSIVE;
				CLANG_WARN_UNREACHABLE_CODE = YES;
				CLANG_WARN__DUPLICATE_METHOD_MATCH = YES;
				CODE_SIGN_IDENTITY = "iPhone Developer";
				COPY_PHASE_STRIP = NO;
				DEBUG_INFORMATION_FORMAT = "dwarf-with-dsym";
				ENABLE_NS_ASSERTIONS = NO;
				ENABLE_STRICT_OBJC_MSGSEND = YES;
				GCC_C_LANGUAGE_STANDARD = gnu11;
				GCC_NO_COMMON_BLOCKS = YES;
				GCC_WARN_64_TO_32_BIT_CONVERSION = YES;
				GCC_WARN_ABOUT_RETURN_TYPE = YES_ERROR;
				GCC_WARN_UNDECLARED_SELECTOR = YES;
				GCC_WARN_UNINITIALIZED_AUTOS = YES_AGGRESSIVE;
				GCC_WARN_UNUSED_FUNCTION = YES;
				GCC_WARN_UNUSED_VARIABLE = YES;
				IPHONEOS_DEPLOYMENT_TARGET = 11.2;
				MTL_ENABLE_DEBUG_INFO = NO;
				SDKROOT = iphoneos;
				SWIFT_OPTIMIZATION_LEVEL = "-Owholemodule";
				VALIDATE_PRODUCT = YES;
			};
			name = Release;
		};
		BFFC48A020291CB90052ECF7 /* Debug */ = {
			isa = XCBuildConfiguration;
			buildSettings = {
				ASSETCATALOG_COMPILER_APPICON_NAME = AppIcon;
				CODE_SIGN_STYLE = Automatic;
				DEVELOPMENT_TEAM = UC3ST4FKGX;
				INFOPLIST_FILE = Notes/Info.plist;
				LD_RUNPATH_SEARCH_PATHS = "$(inherited) @executable_path/Frameworks";
				PRODUCT_BUNDLE_IDENTIFIER = com.MatthewJDoyle.Notes;
				PRODUCT_NAME = "$(TARGET_NAME)";
				SWIFT_VERSION = 4.0;
				TARGETED_DEVICE_FAMILY = "1,2";
			};
			name = Debug;
		};
		BFFC48A120291CB90052ECF7 /* Release */ = {
			isa = XCBuildConfiguration;
			buildSettings = {
				ASSETCATALOG_COMPILER_APPICON_NAME = AppIcon;
				CODE_SIGN_STYLE = Automatic;
				DEVELOPMENT_TEAM = UC3ST4FKGX;
				INFOPLIST_FILE = Notes/Info.plist;
				LD_RUNPATH_SEARCH_PATHS = "$(inherited) @executable_path/Frameworks";
				PRODUCT_BUNDLE_IDENTIFIER = com.MatthewJDoyle.Notes;
				PRODUCT_NAME = "$(TARGET_NAME)";
				SWIFT_VERSION = 4.0;
				TARGETED_DEVICE_FAMILY = "1,2";
			};
			name = Release;
		};
/* End XCBuildConfiguration section */

/* Begin XCConfigurationList section */
		BFFC488820291CB90052ECF7 /* Build configuration list for PBXProject "Notes" */ = {
			isa = XCConfigurationList;
			buildConfigurations = (
				BFFC489D20291CB90052ECF7 /* Debug */,
				BFFC489E20291CB90052ECF7 /* Release */,
			);
			defaultConfigurationIsVisible = 0;
			defaultConfigurationName = Release;
		};
		BFFC489F20291CB90052ECF7 /* Build configuration list for PBXNativeTarget "Notes" */ = {
			isa = XCConfigurationList;
			buildConfigurations = (
				BFFC48A020291CB90052ECF7 /* Debug */,
				BFFC48A120291CB90052ECF7 /* Release */,
			);
			defaultConfigurationIsVisible = 0;
			defaultConfigurationName = Release;
		};
/* End XCConfigurationList section */

/* Begin XCVersionGroup section */
		BF27270E202B9DEF002A7832 /* DataModel.xcdatamodeld */ = {
			isa = XCVersionGroup;
			children = (
				BF27270F202B9DEF002A7832 /* DataModel.xcdatamodel */,
			);
			currentVersion = BF27270F202B9DEF002A7832 /* DataModel.xcdatamodel */;
			path = DataModel.xcdatamodeld;
			sourceTree = "<group>";
			versionGroupType = wrapper.xcdatamodel;
		};
/* End XCVersionGroup section */
	};
	rootObject = BFFC488520291CB90052ECF7 /* Project object */;
}
